
Microsoft Visual Studio Solution File, Format Version 12.00
# Visual Studio Version 17
VisualStudioVersion = 17.4.33213.308
MinimumVisualStudioVersion = 10.0.40219.1
Project("{FAE04EC0-301F-11D3-BF4B-00C04F79EFBC}") = "AulaWindowsForm", "AulaWindowsForm\AulaWindowsForm.csproj", "{FCD73F3E-D534-47BB-B88F-822875AE9692}"
EndProject
Project("{2150E333-8FDC-42A3-9474-1A3956D46DE8}") = "Itens de Solução", "Itens de Solução", "{BF914E39-CBBD-4B8F-9082-3641BE589C39}"
	ProjectSection(SolutionItems) = preProject
		CodCrediaria.cs = CodCrediaria.cs
	EndProjectSection
EndProject
Global
	GlobalSection(SolutionConfigurationPlatforms) = preSolution
		Debug|Any CPU = Debug|Any CPU
		Release|Any CPU = Release|Any CPU
	EndGlobalSection
	GlobalSection(ProjectConfigurationPlatforms) = postSolution
		{FCD73F3E-D534-47BB-B88F-822875AE9692}.Debug|Any CPU.ActiveCfg = Debug|Any CPU
		{FCD73F3E-D534-47BB-B88F-822875AE9692}.Debug|Any CPU.Build.0 = Debug|Any CPU
		{FCD73F3E-D534-47BB-B88F-822875AE9692}.Release|Any CPU.ActiveCfg = Release|Any CPU
		{FCD73F3E-D534-47BB-B88F-822875AE9692}.Release|Any CPU.Build.0 = Release|Any CPU
	EndGlobalSection
	GlobalSection(SolutionProperties) = preSolution
		HideSolutionNode = FALSE
	EndGlobalSection
	GlobalSection(ExtensibilityGlobals) = postSolution
		SolutionGuid = {F48754CA-C16F-4561-A872-E6A09ECC10A4}
	EndGlobalSection
EndGlobal
